version: v0.154.0
dependencies:
- name: base
  repository: https://istio-release.storage.googleapis.com/charts
  version: 1.18.0
- name: gateway
  repository: https://istio-release.storage.googleapis.com/charts
  version: 1.18.0
- name: istiod
  repository: https://istio-release.storage.googleapis.com/charts
  version: 1.18.0
- name: kiali-operator
  repository: https://kiali.org/helm-charts
  version: 1.69.0
- name: postgresql
  repository: https://charts.bitnami.com/bitnami
  version: 12.5.6
digest: sha256:87e09995cde71541aff9c9d851c8a407d40c2ac9a1b25591fa191414708ac3c8
generated: "2023-06-11T23:29:26.200494-04:00"
